
Microsoft Visual Studio Solution File, Format Version 12.00
# Visual Studio Version 16
VisualStudioVersion = 16.0.31129.286
MinimumVisualStudioVersion = 10.0.40219.1
Project("{FAE04EC0-301F-11D3-BF4B-00C04F79EFBC}") = "BulkyBook", "BulkyBook\BulkyBook.csproj", "{FB836427-8D9E-4DAB-933F-7614F3F71E62}"
EndProject
Project("{FAE04EC0-301F-11D3-BF4B-00C04F79EFBC}") = "BulkyBook.DataAccess", "BulkyBook.DataAccess\BulkyBook.DataAccess.csproj", "{480C4521-0BB8-4BBE-A226-93F27D26B8E2}"
EndProject
Project("{FAE04EC0-301F-11D3-BF4B-00C04F79EFBC}") = "BulkyBook.Models", "BulkyBook.Models\BulkyBook.Models.csproj", "{85921E0C-3A8E-40DF-A2D8-93746DB9DB6F}"
EndProject
Project("{FAE04EC0-301F-11D3-BF4B-00C04F79EFBC}") = "BulkyBook.Utility", "BulkyBook.Utility\BulkyBook.Utility.csproj", "{8AD3A70D-A5A7-41A8-8ECB-C3548C100DB9}"
EndProject
Global
	GlobalSection(SolutionConfigurationPlatforms) = preSolution
		Debug|Any CPU = Debug|Any CPU
		Release|Any CPU = Release|Any CPU
	EndGlobalSection
	GlobalSection(ProjectConfigurationPlatforms) = postSolution
		{FB836427-8D9E-4DAB-933F-7614F3F71E62}.Debug|Any CPU.ActiveCfg = Debug|Any CPU
		{FB836427-8D9E-4DAB-933F-7614F3F71E62}.Debug|Any CPU.Build.0 = Debug|Any CPU
		{FB836427-8D9E-4DAB-933F-7614F3F71E62}.Release|Any CPU.ActiveCfg = Release|Any CPU
		{FB836427-8D9E-4DAB-933F-7614F3F71E62}.Release|Any CPU.Build.0 = Release|Any CPU
		{480C4521-0BB8-4BBE-A226-93F27D26B8E2}.Debug|Any CPU.ActiveCfg = Debug|Any CPU
		{480C4521-0BB8-4BBE-A226-93F27D26B8E2}.Debug|Any CPU.Build.0 = Debug|Any CPU
		{480C4521-0BB8-4BBE-A226-93F27D26B8E2}.Release|Any CPU.ActiveCfg = Release|Any CPU
		{480C4521-0BB8-4BBE-A226-93F27D26B8E2}.Release|Any CPU.Build.0 = Release|Any CPU
		{85921E0C-3A8E-40DF-A2D8-93746DB9DB6F}.Debug|Any CPU.ActiveCfg = Debug|Any CPU
		{85921E0C-3A8E-40DF-A2D8-93746DB9DB6F}.Debug|Any CPU.Build.0 = Debug|Any CPU
		{85921E0C-3A8E-40DF-A2D8-93746DB9DB6F}.Release|Any CPU.ActiveCfg = Release|Any CPU
		{85921E0C-3A8E-40DF-A2D8-93746DB9DB6F}.Release|Any CPU.Build.0 = Release|Any CPU
		{8AD3A70D-A5A7-41A8-8ECB-C3548C100DB9}.Debug|Any CPU.ActiveCfg = Debug|Any CPU
		{8AD3A70D-A5A7-41A8-8ECB-C3548C100DB9}.Debug|Any CPU.Build.0 = Debug|Any CPU
		{8AD3A70D-A5A7-41A8-8ECB-C3548C100DB9}.Release|Any CPU.ActiveCfg = Release|Any CPU
		{8AD3A70D-A5A7-41A8-8ECB-C3548C100DB9}.Release|Any CPU.Build.0 = Release|Any CPU
	EndGlobalSection
	GlobalSection(SolutionProperties) = preSolution
		HideSolutionNode = FALSE
	EndGlobalSection
	GlobalSection(ExtensibilityGlobals) = postSolution
		SolutionGuid = {AE615B9B-64C0-48CE-8619-6F0B616D82A8}
	EndGlobalSection
EndGlobal
